
Microsoft Visual Studio Solution File, Format Version 12.00
# Visual Studio Version 17
VisualStudioVersion = 17.5.33530.505
MinimumVisualStudioVersion = 10.0.40219.1
Project("{9A19103F-16F7-4668-BE54-9A1E7A4F7556}") = "EvolutionSim", "EvolutionSim\EvolutionSim.csproj", "{A357CE6B-D0CC-4417-B7C2-2B4C300979D9}"
EndProject
Project("{9A19103F-16F7-4668-BE54-9A1E7A4F7556}") = "Display", "Display\Display.csproj", "{2602F9A5-4BDA-4534-BDF2-7B3C660FBB95}"
EndProject
Project("{FAE04EC0-301F-11D3-BF4B-00C04F79EFBC}") = "Sandbox", "Sandbox\Sandbox.csproj", "{AE33978C-355E-4DFC-86C0-D8026B02D608}"
EndProject
Global
	GlobalSection(SolutionConfigurationPlatforms) = preSolution
		Debug|Any CPU = Debug|Any CPU
		Release|Any CPU = Release|Any CPU
	EndGlobalSection
	GlobalSection(ProjectConfigurationPlatforms) = postSolution
		{A357CE6B-D0CC-4417-B7C2-2B4C300979D9}.Debug|Any CPU.ActiveCfg = Debug|Any CPU
		{A357CE6B-D0CC-4417-B7C2-2B4C300979D9}.Debug|Any CPU.Build.0 = Debug|Any CPU
		{A357CE6B-D0CC-4417-B7C2-2B4C300979D9}.Release|Any CPU.ActiveCfg = Release|Any CPU
		{A357CE6B-D0CC-4417-B7C2-2B4C300979D9}.Release|Any CPU.Build.0 = Release|Any CPU
		{2602F9A5-4BDA-4534-BDF2-7B3C660FBB95}.Debug|Any CPU.ActiveCfg = Debug|Any CPU
		{2602F9A5-4BDA-4534-BDF2-7B3C660FBB95}.Debug|Any CPU.Build.0 = Debug|Any CPU
		{2602F9A5-4BDA-4534-BDF2-7B3C660FBB95}.Release|Any CPU.ActiveCfg = Release|Any CPU
		{2602F9A5-4BDA-4534-BDF2-7B3C660FBB95}.Release|Any CPU.Build.0 = Release|Any CPU
		{AE33978C-355E-4DFC-86C0-D8026B02D608}.Debug|Any CPU.ActiveCfg = Debug|Any CPU
		{AE33978C-355E-4DFC-86C0-D8026B02D608}.Debug|Any CPU.Build.0 = Debug|Any CPU
		{AE33978C-355E-4DFC-86C0-D8026B02D608}.Release|Any CPU.ActiveCfg = Release|Any CPU
		{AE33978C-355E-4DFC-86C0-D8026B02D608}.Release|Any CPU.Build.0 = Release|Any CPU
	EndGlobalSection
	GlobalSection(SolutionProperties) = preSolution
		HideSolutionNode = FALSE
	EndGlobalSection
	GlobalSection(ExtensibilityGlobals) = postSolution
		SolutionGuid = {16CCEC54-F9BB-4461-89B3-FCCB4E1C4F31}
	EndGlobalSection
EndGlobal
